// !$*UTF8*$!
{
 archiveVersion = 1; classes = {}; objectVersion = 56;
 objects = {
  111111111111111111111111 = {isa = PBXFileReference; lastKnownFileType = sourcecode.swift; path = DELGROSSOGestionaleApp.swift; sourceTree = "<group>";};
  222222222222222222222222 = {isa = PBXFileReference; lastKnownFileType = sourcecode.swift; path = ContentView.swift; sourceTree = "<group>";};
  333333333333333333333333 = {isa = PBXFileReference; lastKnownFileType = text.plist.xml; path = Info.plist; sourceTree = "<group>";};
  555555555555555555555555 = {isa = PBXFileReference; lastKnownFileType = folder.assetcatalog; path = Assets.xcassets; sourceTree = "<group>";};
  666666666666666666666666 = {isa = PBXFileReference; lastKnownFileType = folder; path = WebApp; sourceTree = "<group>";};
  777777777777777777777777 = {isa = PBXGroup; children = (111111111111111111111111,222222222222222222222222,333333333333333333333333,555555555555555555555555,666666666666666666666666); name = "DELGROSSO-Gestionale"; path = "DELGROSSO-Gestionale"; sourceTree = "<group>";};
  888888888888888888888888 = {isa = PBXGroup; children = (777777777777777777777777,999999999999999999999999); sourceTree = "<group>";};
  9999999999999999999999999 = {isa = PBXGroup; children = (FFFFFFFFFFFFFFFFFFFFFFFF); name = Products; sourceTree = "<group>";};
  AAAAAAAAAAAAAAAAAAAAAAAA = {isa = PBXNativeTarget; buildConfigurationList = BBBBBBBBBBBBBBBBBBBBBBBB; buildPhases = (CCCCCCCCCCCCCCCCCCCCCCCC,DDDDDDDDDDDDDDDDDDDDDDDD,EEEEEEEEEEEEEEEEEEEEEEEE); buildRules = (); dependencies = (); name = "DELGROSSO Gestionale"; productName = "DELGROSSO Gestionale"; productReference = FFFFFFFFFFFFFFFFFFFFFFFF; productType = "com.apple.product-type.application";};
  121212121212121212121212 = {isa = PBXBuildFile; fileRef = 111111111111111111111111;};
  131313131313131313131313 = {isa = PBXBuildFile; fileRef = 222222222222222222222222;};
  141414141414141414141414 = {isa = PBXBuildFile; fileRef = 555555555555555555555555;};
  151515151515151515151515 = {isa = PBXBuildFile; fileRef = 666666666666666666666666;};
  CCCCCCCCCCCCCCCCCCCCCCCC = {isa = PBXSourcesBuildPhase; files = (121212121212121212121212,131313131313131313131313);};
  DDDDDDDDDDDDDDDDDDDDDDDD = {isa = PBXResourcesBuildPhase; files = (141414141414141414141414,151515151515151515151515);};
  EEEEEEEEEEEEEEEEEEEEEEEE = {isa = PBXFrameworksBuildPhase; files = ();};
  FFFFFFFFFFFFFFFFFFFFFFFF = {isa = PBXFileReference; explicitFileType = wrapper.application; includeInIndex = 0; path = "DELGROSSO Gestionale.app"; sourceTree = BUILT_PRODUCTS_DIR;};
  000000000000000000000001 = {isa = PBXProject; buildConfigurationList = 000000000000000000000002; compatibilityVersion = "Xcode 14.0"; developmentRegion = en; knownRegions = (en,it); mainGroup = 888888888888888888888888; productRefGroup = 999999999999999999999999; projectDirPath = ""; projectRoot = ""; targets = (AAAAAAAAAAAAAAAAAAAAAAAA);};
  000000000000000000000002 = {isa = XCConfigurationList; buildConfigurations = (000000000000000000000004,000000000000000000000005); defaultConfigurationIsVisible = 0; defaultConfigurationName = Release;};
  000000000000000000000004 = {isa = XCBuildConfiguration; buildSettings = {SWIFT_VERSION = 5.0; IPHONEOS_DEPLOYMENT_TARGET = 16.0; PRODUCT_BUNDLE_IDENTIFIER = "it.delgrossoviaggi.gestionale"; INFOPLIST_FILE = "DELGROSSO-Gestionale/Info.plist"; ASSETCATALOG_COMPILER_APPICON_NAME = AppIcon; CODE_SIGN_STYLE = Automatic; PRODUCT_NAME = "DELGROSSO Gestionale";}; name = Debug;};
  000000000000000000000005 = {isa = XCBuildConfiguration; buildSettings = {SWIFT_VERSION = 5.0; IPHONEOS_DEPLOYMENT_TARGET = 16.0; PRODUCT_BUNDLE_IDENTIFIER = "it.delgrossoviaggi.gestionale"; INFOPLIST_FILE = "DELGROSSO-Gestionale/Info.plist"; ASSETCATALOG_COMPILER_APPICON_NAME = AppIcon; CODE_SIGN_STYLE = Automatic; PRODUCT_NAME = "DELGROSSO Gestionale";}; name = Release;};
  BBBBBBBBBBBBBBBBBBBBBBBB = {isa = XCConfigurationList; buildConfigurations = (121212121212121212121213,121212121212121212121214); defaultConfigurationIsVisible = 0; defaultConfigurationName = Release;};
  121212121212121212121213 = {isa = XCBuildConfiguration; buildSettings = {}; name = Debug;};
  121212121212121212121214 = {isa = XCBuildConfiguration; buildSettings = {}; name = Release;};
 };
 rootObject = 000000000000000000000001;
}
